
Microsoft Visual Studio Solution File, Format Version 12.00
# Visual Studio Version 17
VisualStudioVersion = 17.9.34607.119
MinimumVisualStudioVersion = 10.0.40219.1
Project("{FAE04EC0-301F-11D3-BF4B-00C04F79EFBC}") = "Github20883", "Github20883.csproj", "{CDF0FDD5-3568-421C-A48D-DD383BF48212}"
EndProject
Global
	GlobalSection(SolutionConfigurationPlatforms) = preSolution
		Debug|Any CPU = Debug|Any CPU
		Release|Any CPU = Release|Any CPU
	EndGlobalSection
	GlobalSection(ProjectConfigurationPlatforms) = postSolution
		{CDF0FDD5-3568-421C-A48D-DD383BF48212}.Debug|Any CPU.ActiveCfg = Debug|Any CPU
		{CDF0FDD5-3568-421C-A48D-DD383BF48212}.Debug|Any CPU.Build.0 = Debug|Any CPU
		{CDF0FDD5-3568-421C-A48D-DD383BF48212}.Debug|Any CPU.Deploy.0 = Debug|Any CPU
		{CDF0FDD5-3568-421C-A48D-DD383BF48212}.Release|Any CPU.ActiveCfg = Release|Any CPU
		{CDF0FDD5-3568-421C-A48D-DD383BF48212}.Release|Any CPU.Build.0 = Release|Any CPU
		{CDF0FDD5-3568-421C-A48D-DD383BF48212}.Release|Any CPU.Deploy.0 = Release|Any CPU
	EndGlobalSection
	GlobalSection(SolutionProperties) = preSolution
		HideSolutionNode = FALSE
	EndGlobalSection
	GlobalSection(ExtensibilityGlobals) = postSolution
		SolutionGuid = {FB4471FD-5334-4486-A8A9-434445D3424A}
	EndGlobalSection
EndGlobal
